
Microsoft Visual Studio Solution File, Format Version 12.00
# Visual Studio Version 17
VisualStudioVersion = 17.7.34202.233
MinimumVisualStudioVersion = 10.0.40219.1
Project("{8BC9CEB8-8B4A-11D0-8D11-00A0C91BC942}") = "treci zadatak", "treci zadatak\treci zadatak.vcxproj", "{9784E1E5-A47A-4D45-9F5B-695AF11EA4C9}"
EndProject
Global
	GlobalSection(SolutionConfigurationPlatforms) = preSolution
		Debug|x64 = Debug|x64
		Debug|x86 = Debug|x86
		Release|x64 = Release|x64
		Release|x86 = Release|x86
	EndGlobalSection
	GlobalSection(ProjectConfigurationPlatforms) = postSolution
		{9784E1E5-A47A-4D45-9F5B-695AF11EA4C9}.Debug|x64.ActiveCfg = Debug|x64
		{9784E1E5-A47A-4D45-9F5B-695AF11EA4C9}.Debug|x64.Build.0 = Debug|x64
		{9784E1E5-A47A-4D45-9F5B-695AF11EA4C9}.Debug|x86.ActiveCfg = Debug|Win32
		{9784E1E5-A47A-4D45-9F5B-695AF11EA4C9}.Debug|x86.Build.0 = Debug|Win32
		{9784E1E5-A47A-4D45-9F5B-695AF11EA4C9}.Release|x64.ActiveCfg = Release|x64
		{9784E1E5-A47A-4D45-9F5B-695AF11EA4C9}.Release|x64.Build.0 = Release|x64
		{9784E1E5-A47A-4D45-9F5B-695AF11EA4C9}.Release|x86.ActiveCfg = Release|Win32
		{9784E1E5-A47A-4D45-9F5B-695AF11EA4C9}.Release|x86.Build.0 = Release|Win32
	EndGlobalSection
	GlobalSection(SolutionProperties) = preSolution
		HideSolutionNode = FALSE
	EndGlobalSection
	GlobalSection(ExtensibilityGlobals) = postSolution
		SolutionGuid = {04C04365-8CC9-427A-B24F-FF9A70609C19}
	EndGlobalSection
EndGlobal
